// !$*UTF8*$!
{
	archiveVersion = 1;
	classes = {
	};
	objectVersion = 56;
	objects = {

/* Begin PBXBuildFile section */
		D050B3962B40B7E800B1BB0F /* FavoriteButton.swift in Sources */ = {isa = PBXBuildFile; fileRef = D050B3952B40B7E800B1BB0F /* FavoriteButton.swift */; };
		D07779C42B403F98007EB9CC /* LandmarksApp.swift in Sources */ = {isa = PBXBuildFile; fileRef = D07779C32B403F98007EB9CC /* LandmarksApp.swift */; };
		D07779C62B403F98007EB9CC /* ContentView.swift in Sources */ = {isa = PBXBuildFile; fileRef = D07779C52B403F98007EB9CC /* ContentView.swift */; };
		D07779C82B403F9B007EB9CC /* Assets.xcassets in Resources */ = {isa = PBXBuildFile; fileRef = D07779C72B403F9B007EB9CC /* Assets.xcassets */; };
		D07779CC2B403F9B007EB9CC /* Preview Assets.xcassets in Resources */ = {isa = PBXBuildFile; fileRef = D07779CB2B403F9B007EB9CC /* Preview Assets.xcassets */; };
		D091BD562B40533300A9B802 /* CircleImage.swift in Sources */ = {isa = PBXBuildFile; fileRef = D091BD552B40533300A9B802 /* CircleImage.swift */; };
		D091BD582B4053CD00A9B802 /* MapView.swift in Sources */ = {isa = PBXBuildFile; fileRef = D091BD572B4053CD00A9B802 /* MapView.swift */; };
		D091BD5A2B40550D00A9B802 /* TitleView.swift in Sources */ = {isa = PBXBuildFile; fileRef = D091BD592B40550D00A9B802 /* TitleView.swift */; };
		D091BD5C2B40574D00A9B802 /* landmarkData.json in Resources */ = {isa = PBXBuildFile; fileRef = D091BD5B2B40574D00A9B802 /* landmarkData.json */; };
		D091BD5E2B40577500A9B802 /* Landmark.swift in Sources */ = {isa = PBXBuildFile; fileRef = D091BD5D2B40577500A9B802 /* Landmark.swift */; };
		D091BD762B4058C000A9B802 /* ModelData.swift in Sources */ = {isa = PBXBuildFile; fileRef = D091BD752B4058C000A9B802 /* ModelData.swift */; };
		D091BD7B2B405A6800A9B802 /* LandmarkRow.swift in Sources */ = {isa = PBXBuildFile; fileRef = D091BD7A2B405A6800A9B802 /* LandmarkRow.swift */; };
		D091BD7D2B405E3400A9B802 /* LandmarkList.swift in Sources */ = {isa = PBXBuildFile; fileRef = D091BD7C2B405E3400A9B802 /* LandmarkList.swift */; };
		D091BD7F2B4066D200A9B802 /* LandmarkDetail.swift in Sources */ = {isa = PBXBuildFile; fileRef = D091BD7E2B4066D200A9B802 /* LandmarkDetail.swift */; };
/* End PBXBuildFile section */

/* Begin PBXFileReference section */
		D050B3952B40B7E800B1BB0F /* FavoriteButton.swift */ = {isa = PBXFileReference; lastKnownFileType = sourcecode.swift; path = FavoriteButton.swift; sourceTree = "<group>"; };
		D07779C02B403F98007EB9CC /* Landmarks.app */ = {isa = PBXFileReference; explicitFileType = wrapper.application; includeInIndex = 0; path = Landmarks.app; sourceTree = BUILT_PRODUCTS_DIR; };
		D07779C32B403F98007EB9CC /* LandmarksApp.swift */ = {isa = PBXFileReference; lastKnownFileType = sourcecode.swift; path = LandmarksApp.swift; sourceTree = "<group>"; };
		D07779C52B403F98007EB9CC /* ContentView.swift */ = {isa = PBXFileReference; lastKnownFileType = sourcecode.swift; path = ContentView.swift; sourceTree = "<group>"; };
		D07779C72B403F9B007EB9CC /* Assets.xcassets */ = {isa = PBXFileReference; lastKnownFileType = folder.assetcatalog; path = Assets.xcassets; sourceTree = "<group>"; };
		D07779C92B403F9B007EB9CC /* Landmarks.entitlements */ = {isa = PBXFileReference; lastKnownFileType = text.plist.entitlements; path = Landmarks.entitlements; sourceTree = "<group>"; };
		D07779CB2B403F9B007EB9CC /* Preview Assets.xcassets */ = {isa = PBXFileReference; lastKnownFileType = folder.assetcatalog; path = "Preview Assets.xcassets"; sourceTree = "<group>"; };
		D091BD552B40533300A9B802 /* CircleImage.swift */ = {isa = PBXFileReference; lastKnownFileType = sourcecode.swift; path = CircleImage.swift; sourceTree = "<group>"; };
		D091BD572B4053CD00A9B802 /* MapView.swift */ = {isa = PBXFileReference; lastKnownFileType = sourcecode.swift; path = MapView.swift; sourceTree = "<group>"; };
		D091BD592B40550D00A9B802 /* TitleView.swift */ = {isa = PBXFileReference; lastKnownFileType = sourcecode.swift; path = TitleView.swift; sourceTree = "<group>"; };
		D091BD5B2B40574D00A9B802 /* landmarkData.json */ = {isa = PBXFileReference; fileEncoding = 4; lastKnownFileType = text.json; path = landmarkData.json; sourceTree = "<group>"; };
		D091BD5D2B40577500A9B802 /* Landmark.swift */ = {isa = PBXFileReference; lastKnownFileType = sourcecode.swift; path = Landmark.swift; sourceTree = "<group>"; };
		D091BD752B4058C000A9B802 /* ModelData.swift */ = {isa = PBXFileReference; lastKnownFileType = sourcecode.swift; path = ModelData.swift; sourceTree = "<group>"; };
		D091BD7A2B405A6800A9B802 /* LandmarkRow.swift */ = {isa = PBXFileReference; lastKnownFileType = sourcecode.swift; path = LandmarkRow.swift; sourceTree = "<group>"; };
		D091BD7C2B405E3400A9B802 /* LandmarkList.swift */ = {isa = PBXFileReference; lastKnownFileType = sourcecode.swift; path = LandmarkList.swift; sourceTree = "<group>"; };
		D091BD7E2B4066D200A9B802 /* LandmarkDetail.swift */ = {isa = PBXFileReference; lastKnownFileType = sourcecode.swift; path = LandmarkDetail.swift; sourceTree = "<group>"; };
/* End PBXFileReference section */

/* Begin PBXFrameworksBuildPhase section */
		D07779BD2B403F98007EB9CC /* Frameworks */ = {
			isa = PBXFrameworksBuildPhase;
			buildActionMask = 2147483647;
			files = (
			);
			runOnlyForDeploymentPostprocessing = 0;
		};
/* End PBXFrameworksBuildPhase section */

/* Begin PBXGroup section */
		D050B3972B40B8FE00B1BB0F /* Helper */ = {
			isa = PBXGroup;
			children = (
				D091BD572B4053CD00A9B802 /* MapView.swift */,
				D091BD592B40550D00A9B802 /* TitleView.swift */,
				D091BD552B40533300A9B802 /* CircleImage.swift */,
				D050B3952B40B7E800B1BB0F /* FavoriteButton.swift */,
			);
			path = Helper;
			sourceTree = "<group>";
		};
		D050B3982B40B90E00B1BB0F /* Landmarks */ = {
			isa = PBXGroup;
			children = (
				D091BD7A2B405A6800A9B802 /* LandmarkRow.swift */,
				D091BD7C2B405E3400A9B802 /* LandmarkList.swift */,
				D091BD7E2B4066D200A9B802 /* LandmarkDetail.swift */,
			);
			path = Landmarks;
			sourceTree = "<group>";
		};
		D07779B72B403F98007EB9CC = {
			isa = PBXGroup;
			children = (
				D07779C22B403F98007EB9CC /* Landmarks */,
				D07779C12B403F98007EB9CC /* Products */,
			);
			sourceTree = "<group>";
		};
		D07779C12B403F98007EB9CC /* Products */ = {
			isa = PBXGroup;
			children = (
				D07779C02B403F98007EB9CC /* Landmarks.app */,
			);
			name = Products;
			sourceTree = "<group>";
		};
		D07779C22B403F98007EB9CC /* Landmarks */ = {
			isa = PBXGroup;
			children = (
				D07779C32B403F98007EB9CC /* LandmarksApp.swift */,
				D091BD792B405A1600A9B802 /* Resources */,
				D091BD772B4059E600A9B802 /* View */,
				D091BD782B405A0A00A9B802 /* Model */,
				D07779C72B403F9B007EB9CC /* Assets.xcassets */,
				D07779C92B403F9B007EB9CC /* Landmarks.entitlements */,
				D07779CA2B403F9B007EB9CC /* Preview Content */,
			);
			path = Landmarks;
			sourceTree = "<group>";
		};
		D07779CA2B403F9B007EB9CC /* Preview Content */ = {
			isa = PBXGroup;
			children = (
				D07779CB2B403F9B007EB9CC /* Preview Assets.xcassets */,
			);
			path = "Preview Content";
			sourceTree = "<group>";
		};
		D091BD772B4059E600A9B802 /* View */ = {
			isa = PBXGroup;
			children = (
				D07779C52B403F98007EB9CC /* ContentView.swift */,
				D050B3972B40B8FE00B1BB0F /* Helper */,
				D050B3982B40B90E00B1BB0F /* Landmarks */,
			);
			path = View;
			sourceTree = "<group>";
		};
		D091BD782B405A0A00A9B802 /* Model */ = {
			isa = PBXGroup;
			children = (
				D091BD752B4058C000A9B802 /* ModelData.swift */,
				D091BD5D2B40577500A9B802 /* Landmark.swift */,
			);
			path = Model;
			sourceTree = "<group>";
		};
		D091BD792B405A1600A9B802 /* Resources */ = {
			isa = PBXGroup;
			children = (
				D091BD5B2B40574D00A9B802 /* landmarkData.json */,
			);
			path = Resources;
			sourceTree = "<group>";
		};
/* End PBXGroup section */

/* Begin PBXNativeTarget section */
		D07779BF2B403F98007EB9CC /* Landmarks */ = {
			isa = PBXNativeTarget;
			buildConfigurationList = D07779CF2B403F9B007EB9CC /* Build configuration list for PBXNativeTarget "Landmarks" */;
			buildPhases = (
				D07779BC2B403F98007EB9CC /* Sources */,
				D07779BD2B403F98007EB9CC /* Frameworks */,
				D07779BE2B403F98007EB9CC /* Resources */,
			);
			buildRules = (
			);
			dependencies = (
			);
			name = Landmarks;
			productName = Landmarks;
			productReference = D07779C02B403F98007EB9CC /* Landmarks.app */;
			productType = "com.apple.product-type.application";
		};
/* End PBXNativeTarget section */

/* Begin PBXProject section */
		D07779B82B403F98007EB9CC /* Project object */ = {
			isa = PBXProject;
			attributes = {
				BuildIndependentTargetsInParallel = 1;
				LastSwiftUpdateCheck = 1510;
				LastUpgradeCheck = 1510;
				TargetAttributes = {
					D07779BF2B403F98007EB9CC = {
						CreatedOnToolsVersion = 15.1;
					};
				};
			};
			buildConfigurationList = D07779BB2B403F98007EB9CC /* Build configuration list for PBXProject "Landmarks" */;
			compatibilityVersion = "Xcode 14.0";
			developmentRegion = en;
			hasScannedForEncodings = 0;
			knownRegions = (
				en,
				Base,
			);
			mainGroup = D07779B72B403F98007EB9CC;
			productRefGroup = D07779C12B403F98007EB9CC /* Products */;
			projectDirPath = "";
			projectRoot = "";
			targets = (
				D07779BF2B403F98007EB9CC /* Landmarks */,
			);
		};
/* End PBXProject section */

/* Begin PBXResourcesBuildPhase section */
		D07779BE2B403F98007EB9CC /* Resources */ = {
			isa = PBXResourcesBuildPhase;
			buildActionMask = 2147483647;
			files = (
				D091BD5C2B40574D00A9B802 /* landmarkData.json in Resources */,
				D07779CC2B403F9B007EB9CC /* Preview Assets.xcassets in Resources */,
				D07779C82B403F9B007EB9CC /* Assets.xcassets in Resources */,
			);
			runOnlyForDeploymentPostprocessing = 0;
		};
/* End PBXResourcesBuildPhase section */

/* Begin PBXSourcesBuildPhase section */
		D07779BC2B403F98007EB9CC /* Sources */ = {
			isa = PBXSourcesBuildPhase;
			buildActionMask = 2147483647;
			files = (
				D07779C62B403F98007EB9CC /* ContentView.swift in Sources */,
				D091BD582B4053CD00A9B802 /* MapView.swift in Sources */,
				D07779C42B403F98007EB9CC /* LandmarksApp.swift in Sources */,
				D091BD562B40533300A9B802 /* CircleImage.swift in Sources */,
				D091BD7D2B405E3400A9B802 /* LandmarkList.swift in Sources */,
				D091BD5A2B40550D00A9B802 /* TitleView.swift in Sources */,
				D091BD5E2B40577500A9B802 /* Landmark.swift in Sources */,
				D091BD7B2B405A6800A9B802 /* LandmarkRow.swift in Sources */,
				D091BD7F2B4066D200A9B802 /* LandmarkDetail.swift in Sources */,
				D050B3962B40B7E800B1BB0F /* FavoriteButton.swift in Sources */,
				D091BD762B4058C000A9B802 /* ModelData.swift in Sources */,
			);
			runOnlyForDeploymentPostprocessing = 0;
		};
/* End PBXSourcesBuildPhase section */

/* Begin XCBuildConfiguration section */
		D07779CD2B403F9B007EB9CC /* Debug */ = {
			isa = XCBuildConfiguration;
			buildSettings = {
				ALWAYS_SEARCH_USER_PATHS = NO;
				ASSETCATALOG_COMPILER_GENERATE_SWIFT_ASSET_SYMBOL_EXTENSIONS = YES;
				CLANG_ANALYZER_NONNULL = YES;
				CLANG_ANALYZER_NUMBER_OBJECT_CONVERSION = YES_AGGRESSIVE;
				CLANG_CXX_LANGUAGE_STANDARD = "gnu++20";
				CLANG_ENABLE_MODULES = YES;
				CLANG_ENABLE_OBJC_ARC = YES;
				CLANG_ENABLE_OBJC_WEAK = YES;
				CLANG_WARN_BLOCK_CAPTURE_AUTORELEASING = YES;
				CLANG_WARN_BOOL_CONVERSION = YES;
				CLANG_WARN_COMMA = YES;
				CLANG_WARN_CONSTANT_CONVERSION = YES;
				CLANG_WARN_DEPRECATED_OBJC_IMPLEMENTATIONS = YES;
				CLANG_WARN_DIRECT_OBJC_ISA_USAGE = YES_ERROR;
				CLANG_WARN_DOCUMENTATION_COMMENTS = YES;
				CLANG_WARN_EMPTY_BODY = YES;
				CLANG_WARN_ENUM_CONVERSION = YES;
				CLANG_WARN_INFINITE_RECURSION = YES;
				CLANG_WARN_INT_CONVERSION = YES;
				CLANG_WARN_NON_LITERAL_NULL_CONVERSION = YES;
				CLANG_WARN_OBJC_IMPLICIT_RETAIN_SELF = YES;
				CLANG_WARN_OBJC_LITERAL_CONVERSION = YES;
				CLANG_WARN_OBJC_ROOT_CLASS = YES_ERROR;
				CLANG_WARN_QUOTED_INCLUDE_IN_FRAMEWORK_HEADER = YES;
				CLANG_WARN_RANGE_LOOP_ANALYSIS = YES;
				CLANG_WARN_STRICT_PROTOTYPES = YES;
				CLANG_WARN_SUSPICIOUS_MOVE = YES;
				CLANG_WARN_UNGUARDED_AVAILABILITY = YES_AGGRESSIVE;
				CLANG_WARN_UNREACHABLE_CODE = YES;
				CLANG_WARN__DUPLICATE_METHOD_MATCH = YES;
				COPY_PHASE_STRIP = NO;
				DEBUG_INFORMATION_FORMAT = dwarf;
				ENABLE_STRICT_OBJC_MSGSEND = YES;
				ENABLE_TESTABILITY = YES;
				ENABLE_USER_SCRIPT_SANDBOXING = YES;
				GCC_C_LANGUAGE_STANDARD = gnu17;
				GCC_DYNAMIC_NO_PIC = NO;
				GCC_NO_COMMON_BLOCKS = YES;
				GCC_OPTIMIZATION_LEVEL = 0;
				GCC_PREPROCESSOR_DEFINITIONS = (
					"DEBUG=1",
					"$(inherited)",
				);
				GCC_WARN_64_TO_32_BIT_CONVERSION = YES;
				GCC_WARN_ABOUT_RETURN_TYPE = YES_ERROR;
				GCC_WARN_UNDECLARED_SELECTOR = YES;
				GCC_WARN_UNINITIALIZED_AUTOS = YES_AGGRESSIVE;
				GCC_WARN_UNUSED_FUNCTION = YES;
				GCC_WARN_UNUSED_VARIABLE = YES;
				LOCALIZATION_PREFERS_STRING_CATALOGS = YES;
				MTL_ENABLE_DEBUG_INFO = INCLUDE_SOURCE;
				MTL_FAST_MATH = YES;
				ONLY_ACTIVE_ARCH = YES;
				SWIFT_ACTIVE_COMPILATION_CONDITIONS = "DEBUG $(inherited)";
				SWIFT_OPTIMIZATION_LEVEL = "-Onone";
			};
			name = Debug;
		};
		D07779CE2B403F9B007EB9CC /* Release */ = {
			isa = XCBuildConfiguration;
			buildSettings = {
				ALWAYS_SEARCH_USER_PATHS = NO;
				ASSETCATALOG_COMPILER_GENERATE_SWIFT_ASSET_SYMBOL_EXTENSIONS = YES;
				CLANG_ANALYZER_NONNULL = YES;
				CLANG_ANALYZER_NUMBER_OBJECT_CONVERSION = YES_AGGRESSIVE;
				CLANG_CXX_LANGUAGE_STANDARD = "gnu++20";
				CLANG_ENABLE_MODULES = YES;
				CLANG_ENABLE_OBJC_ARC = YES;
				CLANG_ENABLE_OBJC_WEAK = YES;
				CLANG_WARN_BLOCK_CAPTURE_AUTORELEASING = YES;
				CLANG_WARN_BOOL_CONVERSION = YES;
				CLANG_WARN_COMMA = YES;
				CLANG_WARN_CONSTANT_CONVERSION = YES;
				CLANG_WARN_DEPRECATED_OBJC_IMPLEMENTATIONS = YES;
				CLANG_WARN_DIRECT_OBJC_ISA_USAGE = YES_ERROR;
				CLANG_WARN_DOCUMENTATION_COMMENTS = YES;
				CLANG_WARN_EMPTY_BODY = YES;
				CLANG_WARN_ENUM_CONVERSION = YES;
				CLANG_WARN_INFINITE_RECURSION = YES;
				CLANG_WARN_INT_CONVERSION = YES;
				CLANG_WARN_NON_LITERAL_NULL_CONVERSION = YES;
				CLANG_WARN_OBJC_IMPLICIT_RETAIN_SELF = YES;
				CLANG_WARN_OBJC_LITERAL_CONVERSION = YES;
				CLANG_WARN_OBJC_ROOT_CLASS = YES_ERROR;
				CLANG_WARN_QUOTED_INCLUDE_IN_FRAMEWORK_HEADER = YES;
				CLANG_WARN_RANGE_LOOP_ANALYSIS = YES;
				CLANG_WARN_STRICT_PROTOTYPES = YES;
				CLANG_WARN_SUSPICIOUS_MOVE = YES;
				CLANG_WARN_UNGUARDED_AVAILABILITY = YES_AGGRESSIVE;
				CLANG_WARN_UNREACHABLE_CODE = YES;
				CLANG_WARN__DUPLICATE_METHOD_MATCH = YES;
				COPY_PHASE_STRIP = NO;
				DEBUG_INFORMATION_FORMAT = "dwarf-with-dsym";
				ENABLE_NS_ASSERTIONS = NO;
				ENABLE_STRICT_OBJC_MSGSEND = YES;
				ENABLE_USER_SCRIPT_SANDBOXING = YES;
				GCC_C_LANGUAGE_STANDARD = gnu17;
				GCC_NO_COMMON_BLOCKS = YES;
				GCC_WARN_64_TO_32_BIT_CONVERSION = YES;
				GCC_WARN_ABOUT_RETURN_TYPE = YES_ERROR;
				GCC_WARN_UNDECLARED_SELECTOR = YES;
				GCC_WARN_UNINITIALIZED_AUTOS = YES_AGGRESSIVE;
				GCC_WARN_UNUSED_FUNCTION = YES;
				GCC_WARN_UNUSED_VARIABLE = YES;
				LOCALIZATION_PREFERS_STRING_CATALOGS = YES;
				MTL_ENABLE_DEBUG_INFO = NO;
				MTL_FAST_MATH = YES;
				SWIFT_COMPILATION_MODE = wholemodule;
			};
			name = Release;
		};
		D07779D02B403F9B007EB9CC /* Debug */ = {
			isa = XCBuildConfiguration;
			buildSettings = {
				ASSETCATALOG_COMPILER_APPICON_NAME = AppIcon;
				ASSETCATALOG_COMPILER_GLOBAL_ACCENT_COLOR_NAME = AccentColor;
				CODE_SIGN_ENTITLEMENTS = Landmarks/Landmarks.entitlements;
				CODE_SIGN_STYLE = Automatic;
				CURRENT_PROJECT_VERSION = 1;
				DEVELOPMENT_ASSET_PATHS = "\"Landmarks/Preview Content\"";
				DEVELOPMENT_TEAM = UL8XRT4746;
				ENABLE_HARDENED_RUNTIME = YES;
				ENABLE_PREVIEWS = YES;
				GENERATE_INFOPLIST_FILE = YES;
				"INFOPLIST_KEY_UIApplicationSceneManifest_Generation[sdk=iphoneos*]" = YES;
				"INFOPLIST_KEY_UIApplicationSceneManifest_Generation[sdk=iphonesimulator*]" = YES;
				"INFOPLIST_KEY_UIApplicationSupportsIndirectInputEvents[sdk=iphoneos*]" = YES;
				"INFOPLIST_KEY_UIApplicationSupportsIndirectInputEvents[sdk=iphonesimulator*]" = YES;
				"INFOPLIST_KEY_UILaunchScreen_Generation[sdk=iphoneos*]" = YES;
				"INFOPLIST_KEY_UILaunchScreen_Generation[sdk=iphonesimulator*]" = YES;
				"INFOPLIST_KEY_UIStatusBarStyle[sdk=iphoneos*]" = UIStatusBarStyleDefault;
				"INFOPLIST_KEY_UIStatusBarStyle[sdk=iphonesimulator*]" = UIStatusBarStyleDefault;
				INFOPLIST_KEY_UISupportedInterfaceOrientations_iPad = "UIInterfaceOrientationPortrait UIInterfaceOrientationPortraitUpsideDown UIInterfaceOrientationLandscapeLeft UIInterfaceOrientationLandscapeRight";
				INFOPLIST_KEY_UISupportedInterfaceOrientations_iPhone = "UIInterfaceOrientationPortrait UIInterfaceOrientationLandscapeLeft UIInterfaceOrientationLandscapeRight";
				IPHONEOS_DEPLOYMENT_TARGET = 17.2;
				LD_RUNPATH_SEARCH_PATHS = "@executable_path/Frameworks";
				"LD_RUNPATH_SEARCH_PATHS[sdk=macosx*]" = "@executable_path/../Frameworks";
				MACOSX_DEPLOYMENT_TARGET = 14.2;
				MARKETING_VERSION = 1.0;
				PRODUCT_BUNDLE_IDENTIFIER = br.dev.peter.Landmarks;
				PRODUCT_NAME = "$(TARGET_NAME)";
				SDKROOT = auto;
				SUPPORTED_PLATFORMS = "iphoneos iphonesimulator macosx";
				SWIFT_EMIT_LOC_STRINGS = YES;
				SWIFT_VERSION = 5.0;
				TARGETED_DEVICE_FAMILY = "1,2";
			};
			name = Debug;
		};
		D07779D12B403F9B007EB9CC /* Release */ = {
			isa = XCBuildConfiguration;
			buildSettings = {
				ASSETCATALOG_COMPILER_APPICON_NAME = AppIcon;
				ASSETCATALOG_COMPILER_GLOBAL_ACCENT_COLOR_NAME = AccentColor;
				CODE_SIGN_ENTITLEMENTS = Landmarks/Landmarks.entitlements;
				CODE_SIGN_STYLE = Automatic;
				CURRENT_PROJECT_VERSION = 1;
				DEVELOPMENT_ASSET_PATHS = "\"Landmarks/Preview Content\"";
				DEVELOPMENT_TEAM = UL8XRT4746;
				ENABLE_HARDENED_RUNTIME = YES;
				ENABLE_PREVIEWS = YES;
				GENERATE_INFOPLIST_FILE = YES;
				"INFOPLIST_KEY_UIApplicationSceneManifest_Generation[sdk=iphoneos*]" = YES;
				"INFOPLIST_KEY_UIApplicationSceneManifest_Generation[sdk=iphonesimulator*]" = YES;
				"INFOPLIST_KEY_UIApplicationSupportsIndirectInputEvents[sdk=iphoneos*]" = YES;
				"INFOPLIST_KEY_UIApplicationSupportsIndirectInputEvents[sdk=iphonesimulator*]" = YES;
				"INFOPLIST_KEY_UILaunchScreen_Generation[sdk=iphoneos*]" = YES;
				"INFOPLIST_KEY_UILaunchScreen_Generation[sdk=iphonesimulator*]" = YES;
				"INFOPLIST_KEY_UIStatusBarStyle[sdk=iphoneos*]" = UIStatusBarStyleDefault;
				"INFOPLIST_KEY_UIStatusBarStyle[sdk=iphonesimulator*]" = UIStatusBarStyleDefault;
				INFOPLIST_KEY_UISupportedInterfaceOrientations_iPad = "UIInterfaceOrientationPortrait UIInterfaceOrientationPortraitUpsideDown UIInterfaceOrientationLandscapeLeft UIInterfaceOrientationLandscapeRight";
				INFOPLIST_KEY_UISupportedInterfaceOrientations_iPhone = "UIInterfaceOrientationPortrait UIInterfaceOrientationLandscapeLeft UIInterfaceOrientationLandscapeRight";
				IPHONEOS_DEPLOYMENT_TARGET = 17.2;
				LD_RUNPATH_SEARCH_PATHS = "@executable_path/Frameworks";
				"LD_RUNPATH_SEARCH_PATHS[sdk=macosx*]" = "@executable_path/../Frameworks";
				MACOSX_DEPLOYMENT_TARGET = 14.2;
				MARKETING_VERSION = 1.0;
				PRODUCT_BUNDLE_IDENTIFIER = br.dev.peter.Landmarks;
				PRODUCT_NAME = "$(TARGET_NAME)";
				SDKROOT = auto;
				SUPPORTED_PLATFORMS = "iphoneos iphonesimulator macosx";
				SWIFT_EMIT_LOC_STRINGS = YES;
				SWIFT_VERSION = 5.0;
				TARGETED_DEVICE_FAMILY = "1,2";
			};
			name = Release;
		};
/* End XCBuildConfiguration section */

/* Begin XCConfigurationList section */
		D07779BB2B403F98007EB9CC /* Build configuration list for PBXProject "Landmarks" */ = {
			isa = XCConfigurationList;
			buildConfigurations = (
				D07779CD2B403F9B007EB9CC /* Debug */,
				D07779CE2B403F9B007EB9CC /* Release */,
			);
			defaultConfigurationIsVisible = 0;
			defaultConfigurationName = Release;
		};
		D07779CF2B403F9B007EB9CC /* Build configuration list for PBXNativeTarget "Landmarks" */ = {
			isa = XCConfigurationList;
			buildConfigurations = (
				D07779D02B403F9B007EB9CC /* Debug */,
				D07779D12B403F9B007EB9CC /* Release */,
			);
			defaultConfigurationIsVisible = 0;
			defaultConfigurationName = Release;
		};
/* End XCConfigurationList section */
	};
	rootObject = D07779B82B403F98007EB9CC /* Project object */;
}
